
Microsoft Visual Studio Solution File, Format Version 12.00
# Visual Studio Express 2013 for Windows Desktop
VisualStudioVersion = 12.0.30723.0
MinimumVisualStudioVersion = 10.0.40219.1
Project("{8BC9CEB8-8B4A-11D0-8D11-00A0C91BC942}") = "SudokuSolver", "SudokuSolver\SudokuSolver.vcxproj", "{FEC65B70-3702-442D-97EE-C0F23B08E4FE}"
EndProject
Project("{8BC9CEB8-8B4A-11D0-8D11-00A0C91BC942}") = "TestSudoku", "TestSudoku\TestSudoku.vcxproj", "{9E0436CF-739C-47E8-A56A-3C39A6CA5FBB}"
EndProject
Global
	GlobalSection(SolutionConfigurationPlatforms) = preSolution
		Debug|Win32 = Debug|Win32
		Release|Win32 = Release|Win32
	EndGlobalSection
	GlobalSection(ProjectConfigurationPlatforms) = postSolution
		{FEC65B70-3702-442D-97EE-C0F23B08E4FE}.Debug|Win32.ActiveCfg = Debug|Win32
		{FEC65B70-3702-442D-97EE-C0F23B08E4FE}.Debug|Win32.Build.0 = Debug|Win32
		{FEC65B70-3702-442D-97EE-C0F23B08E4FE}.Release|Win32.ActiveCfg = Release|Win32
		{FEC65B70-3702-442D-97EE-C0F23B08E4FE}.Release|Win32.Build.0 = Release|Win32
		{9E0436CF-739C-47E8-A56A-3C39A6CA5FBB}.Debug|Win32.ActiveCfg = Debug|Win32
		{9E0436CF-739C-47E8-A56A-3C39A6CA5FBB}.Debug|Win32.Build.0 = Debug|Win32
		{9E0436CF-739C-47E8-A56A-3C39A6CA5FBB}.Release|Win32.ActiveCfg = Release|Win32
		{9E0436CF-739C-47E8-A56A-3C39A6CA5FBB}.Release|Win32.Build.0 = Release|Win32
	EndGlobalSection
	GlobalSection(SolutionProperties) = preSolution
		HideSolutionNode = FALSE
	EndGlobalSection
EndGlobal
